{
  "nodes": {
    "import-tree": {
      "locked": {
        "lastModified": 1751270547,
        "narHash": "sha256-crsdw+SVF+8JewH2npzM5iy2RowD3min24DqzCZX7uQ=",
        "owner": "vic",
        "repo": "import-tree",
        "rev": "e5a363c65db721944ec29d42c210f33f7dee9808",
        "type": "github"
      },
      "original": {
        "owner": "vic",
        "repo": "import-tree",
        "type": "github"
      }
    },
    "nixpkgs-lib": {
      "locked": {
        "lastModified": 1751159883,
        "narHash": "sha256-urW/Ylk9FIfvXfliA1ywh75yszAbiTEVgpPeinFyVZo=",
        "owner": "nix-community",
        "repo": "nixpkgs.lib",
        "rev": "14a40a1d7fb9afa4739275ac642ed7301a9ba1ab",
        "type": "github"
      },
      "original": {
        "owner": "nix-community",
        "repo": "nixpkgs.lib",
        "type": "github"
      }
    },
    "root": {
      "inputs": {
        "import-tree": "import-tree",
        "nixpkgs-lib": "nixpkgs-lib"
      }
    }
  },
  "root": "root",
  "version": 7
}
